
Microsoft Visual Studio Solution File, Format Version 12.00
# Visual Studio 15
VisualStudioVersion = 15.0.26730.16
MinimumVisualStudioVersion = 10.0.40219.1
Project("{2150E333-8FDC-42A3-9474-1A3956D46DE8}") = "UI", "UI", "{9C1E2708-BFB2-4584-B7D5-33DA30BA46DC}"
EndProject
Project("{FAE04EC0-301F-11D3-BF4B-00C04F79EFBC}") = "Shell", "UI\Shell\Shell.csproj", "{16A34F62-795D-4A8B-A1D9-13E956D0AF15}"
EndProject
Project("{FAE04EC0-301F-11D3-BF4B-00C04F79EFBC}") = "Infrastructure.Global", "UI\Infrastructure.Global\Infrastructure.Global.csproj", "{10501A91-A3FB-4AAD-A1CD-AC8EAA2FB26A}"
EndProject
Project("{FAE04EC0-301F-11D3-BF4B-00C04F79EFBC}") = "Infrastructure.Local", "UI\Infrastructure.Local\Infrastructure.Local.csproj", "{F2806A98-04BC-4E8A-8A79-D8C8C9BC9424}"
EndProject
Project("{2150E333-8FDC-42A3-9474-1A3956D46DE8}") = "ViewModels", "ViewModels", "{DEEA041F-BB12-4DF0-9096-15DD9BFD7ABA}"
EndProject
Project("{2150E333-8FDC-42A3-9474-1A3956D46DE8}") = "Views", "Views", "{AB99DF69-DD4D-44F2-A0EE-FD93D1941D46}"
EndProject
Project("{FAE04EC0-301F-11D3-BF4B-00C04F79EFBC}") = "MainViewModels", "UI\ViewModels\MainViewModels\MainViewModels.csproj", "{33817208-2FF3-48A2-89E6-16EA68972A65}"
EndProject
Project("{FAE04EC0-301F-11D3-BF4B-00C04F79EFBC}") = "MainViews", "UI\Views\MainViews\MainViews.csproj", "{399B0D08-8B51-481F-9467-5B56A0776658}"
EndProject
Project("{2150E333-8FDC-42A3-9474-1A3956D46DE8}") = "Domain", "Domain", "{9437B4A6-10BB-4DBE-9910-769E737E093D}"
EndProject
Project("{2150E333-8FDC-42A3-9474-1A3956D46DE8}") = "Business", "Business", "{306B6816-C793-47B6-96A5-242BBD9D7F35}"
EndProject
Project("{2150E333-8FDC-42A3-9474-1A3956D46DE8}") = "Infrastructure", "Infrastructure", "{CAD473F1-5A8C-4500-BA07-ABBF7416D0A1}"
EndProject
Project("{FAE04EC0-301F-11D3-BF4B-00C04F79EFBC}") = "TestData", "Domain\TestData\TestData.csproj", "{6E0BBA72-9EF5-4F8B-A102-6016E8D4DFD7}"
EndProject
Project("{FAE04EC0-301F-11D3-BF4B-00C04F79EFBC}") = "Infrastructure.Domain.TestData", "Infrastructure\Infrastructure.Domain.TestData\Infrastructure.Domain.TestData.csproj", "{7084DC2C-2752-4D9E-88A6-4CF954C92B75}"
EndProject
Project("{FAE04EC0-301F-11D3-BF4B-00C04F79EFBC}") = "TestFrame", "Business\TestFrame\TestFrame.csproj", "{92630819-29DF-4CEE-9D91-EE9EB8702D7A}"
EndProject
Project("{FAE04EC0-301F-11D3-BF4B-00C04F79EFBC}") = "Infrastructure.Business.TestFrame", "Infrastructure\Infrastructure.Business.TestFrame\Infrastructure.Business.TestFrame.csproj", "{F477FE09-0C12-4797-BE2C-33D706BE964A}"
EndProject
Global
	GlobalSection(SolutionConfigurationPlatforms) = preSolution
		Debug|Any CPU = Debug|Any CPU
		Release|Any CPU = Release|Any CPU
	EndGlobalSection
	GlobalSection(ProjectConfigurationPlatforms) = postSolution
		{16A34F62-795D-4A8B-A1D9-13E956D0AF15}.Debug|Any CPU.ActiveCfg = Debug|Any CPU
		{16A34F62-795D-4A8B-A1D9-13E956D0AF15}.Debug|Any CPU.Build.0 = Debug|Any CPU
		{16A34F62-795D-4A8B-A1D9-13E956D0AF15}.Release|Any CPU.ActiveCfg = Release|Any CPU
		{16A34F62-795D-4A8B-A1D9-13E956D0AF15}.Release|Any CPU.Build.0 = Release|Any CPU
		{10501A91-A3FB-4AAD-A1CD-AC8EAA2FB26A}.Debug|Any CPU.ActiveCfg = Debug|Any CPU
		{10501A91-A3FB-4AAD-A1CD-AC8EAA2FB26A}.Debug|Any CPU.Build.0 = Debug|Any CPU
		{10501A91-A3FB-4AAD-A1CD-AC8EAA2FB26A}.Release|Any CPU.ActiveCfg = Release|Any CPU
		{10501A91-A3FB-4AAD-A1CD-AC8EAA2FB26A}.Release|Any CPU.Build.0 = Release|Any CPU
		{F2806A98-04BC-4E8A-8A79-D8C8C9BC9424}.Debug|Any CPU.ActiveCfg = Debug|Any CPU
		{F2806A98-04BC-4E8A-8A79-D8C8C9BC9424}.Debug|Any CPU.Build.0 = Debug|Any CPU
		{F2806A98-04BC-4E8A-8A79-D8C8C9BC9424}.Release|Any CPU.ActiveCfg = Release|Any CPU
		{F2806A98-04BC-4E8A-8A79-D8C8C9BC9424}.Release|Any CPU.Build.0 = Release|Any CPU
		{33817208-2FF3-48A2-89E6-16EA68972A65}.Debug|Any CPU.ActiveCfg = Debug|Any CPU
		{33817208-2FF3-48A2-89E6-16EA68972A65}.Debug|Any CPU.Build.0 = Debug|Any CPU
		{33817208-2FF3-48A2-89E6-16EA68972A65}.Release|Any CPU.ActiveCfg = Release|Any CPU
		{33817208-2FF3-48A2-89E6-16EA68972A65}.Release|Any CPU.Build.0 = Release|Any CPU
		{399B0D08-8B51-481F-9467-5B56A0776658}.Debug|Any CPU.ActiveCfg = Debug|Any CPU
		{399B0D08-8B51-481F-9467-5B56A0776658}.Debug|Any CPU.Build.0 = Debug|Any CPU
		{399B0D08-8B51-481F-9467-5B56A0776658}.Release|Any CPU.ActiveCfg = Release|Any CPU
		{399B0D08-8B51-481F-9467-5B56A0776658}.Release|Any CPU.Build.0 = Release|Any CPU
		{6E0BBA72-9EF5-4F8B-A102-6016E8D4DFD7}.Debug|Any CPU.ActiveCfg = Debug|Any CPU
		{6E0BBA72-9EF5-4F8B-A102-6016E8D4DFD7}.Debug|Any CPU.Build.0 = Debug|Any CPU
		{6E0BBA72-9EF5-4F8B-A102-6016E8D4DFD7}.Release|Any CPU.ActiveCfg = Release|Any CPU
		{6E0BBA72-9EF5-4F8B-A102-6016E8D4DFD7}.Release|Any CPU.Build.0 = Release|Any CPU
		{7084DC2C-2752-4D9E-88A6-4CF954C92B75}.Debug|Any CPU.ActiveCfg = Debug|Any CPU
		{7084DC2C-2752-4D9E-88A6-4CF954C92B75}.Debug|Any CPU.Build.0 = Debug|Any CPU
		{7084DC2C-2752-4D9E-88A6-4CF954C92B75}.Release|Any CPU.ActiveCfg = Release|Any CPU
		{7084DC2C-2752-4D9E-88A6-4CF954C92B75}.Release|Any CPU.Build.0 = Release|Any CPU
		{92630819-29DF-4CEE-9D91-EE9EB8702D7A}.Debug|Any CPU.ActiveCfg = Debug|Any CPU
		{92630819-29DF-4CEE-9D91-EE9EB8702D7A}.Debug|Any CPU.Build.0 = Debug|Any CPU
		{92630819-29DF-4CEE-9D91-EE9EB8702D7A}.Release|Any CPU.ActiveCfg = Release|Any CPU
		{92630819-29DF-4CEE-9D91-EE9EB8702D7A}.Release|Any CPU.Build.0 = Release|Any CPU
		{F477FE09-0C12-4797-BE2C-33D706BE964A}.Debug|Any CPU.ActiveCfg = Debug|Any CPU
		{F477FE09-0C12-4797-BE2C-33D706BE964A}.Debug|Any CPU.Build.0 = Debug|Any CPU
		{F477FE09-0C12-4797-BE2C-33D706BE964A}.Release|Any CPU.ActiveCfg = Release|Any CPU
		{F477FE09-0C12-4797-BE2C-33D706BE964A}.Release|Any CPU.Build.0 = Release|Any CPU
	EndGlobalSection
	GlobalSection(SolutionProperties) = preSolution
		HideSolutionNode = FALSE
	EndGlobalSection
	GlobalSection(NestedProjects) = preSolution
		{16A34F62-795D-4A8B-A1D9-13E956D0AF15} = {9C1E2708-BFB2-4584-B7D5-33DA30BA46DC}
		{10501A91-A3FB-4AAD-A1CD-AC8EAA2FB26A} = {9C1E2708-BFB2-4584-B7D5-33DA30BA46DC}
		{F2806A98-04BC-4E8A-8A79-D8C8C9BC9424} = {9C1E2708-BFB2-4584-B7D5-33DA30BA46DC}
		{DEEA041F-BB12-4DF0-9096-15DD9BFD7ABA} = {9C1E2708-BFB2-4584-B7D5-33DA30BA46DC}
		{AB99DF69-DD4D-44F2-A0EE-FD93D1941D46} = {9C1E2708-BFB2-4584-B7D5-33DA30BA46DC}
		{33817208-2FF3-48A2-89E6-16EA68972A65} = {DEEA041F-BB12-4DF0-9096-15DD9BFD7ABA}
		{399B0D08-8B51-481F-9467-5B56A0776658} = {AB99DF69-DD4D-44F2-A0EE-FD93D1941D46}
		{6E0BBA72-9EF5-4F8B-A102-6016E8D4DFD7} = {9437B4A6-10BB-4DBE-9910-769E737E093D}
		{7084DC2C-2752-4D9E-88A6-4CF954C92B75} = {CAD473F1-5A8C-4500-BA07-ABBF7416D0A1}
		{92630819-29DF-4CEE-9D91-EE9EB8702D7A} = {306B6816-C793-47B6-96A5-242BBD9D7F35}
		{F477FE09-0C12-4797-BE2C-33D706BE964A} = {CAD473F1-5A8C-4500-BA07-ABBF7416D0A1}
	EndGlobalSection
	GlobalSection(ExtensibilityGlobals) = postSolution
		SolutionGuid = {549C7476-4BA2-4283-91BE-B141F946F348}
	EndGlobalSection
EndGlobal
